
Microsoft Visual Studio Solution File, Format Version 11.00
# Visual Studio 2010
Project("{8BC9CEB8-8B4A-11D0-8D11-00A0C91BC942}") = "etana", "etana\etana.vcxproj", "{5567FF6E-B714-43FA-B41F-4C9C1161C9AC}"
EndProject
Project("{8BC9CEB8-8B4A-11D0-8D11-00A0C91BC942}") = "etsyn", "etsyn\etsyn.vcxproj", "{7ECE7629-AFB9-424A-9810-20C5F0DB3ACC}"
EndProject
Project("{8BC9CEB8-8B4A-11D0-8D11-00A0C91BC942}") = "stlspeller", "stlspeller\stlspeller.vcxproj", "{214353D6-14B1-4715-B0BA-DEF1234E8AF3}"
EndProject
Project("{8BC9CEB8-8B4A-11D0-8D11-00A0C91BC942}") = "etdisamb", "etdisamb\etdisamb.vcxproj", "{77ABCCD5-1314-4E6F-851B-1976DE0721B0}"
EndProject
Project("{8BC9CEB8-8B4A-11D0-8D11-00A0C91BC942}") = "linguistic_jni", "linguistic_jni\linguistic_jni.vcxproj", "{1B6D65D9-206E-4590-B2F3-695B948FBA6C}"
EndProject
Project("{8BC9CEB8-8B4A-11D0-8D11-00A0C91BC942}") = "disambiguator_jni", "disambiguator_jni\disambiguator_jni.vcxproj", "{CBB8A90C-7D1C-43EA-B44C-1778195C2101}"
EndProject
Global
	GlobalSection(SolutionConfigurationPlatforms) = preSolution
		Debug|Win32 = Debug|Win32
		Debug|x64 = Debug|x64
		Release|Win32 = Release|Win32
		Release|x64 = Release|x64
	EndGlobalSection
	GlobalSection(ProjectConfigurationPlatforms) = postSolution
		{5567FF6E-B714-43FA-B41F-4C9C1161C9AC}.Debug|Win32.ActiveCfg = Debug|Win32
		{5567FF6E-B714-43FA-B41F-4C9C1161C9AC}.Debug|Win32.Build.0 = Debug|Win32
		{5567FF6E-B714-43FA-B41F-4C9C1161C9AC}.Debug|x64.ActiveCfg = Debug|x64
		{5567FF6E-B714-43FA-B41F-4C9C1161C9AC}.Debug|x64.Build.0 = Debug|x64
		{5567FF6E-B714-43FA-B41F-4C9C1161C9AC}.Release|Win32.ActiveCfg = Release|Win32
		{5567FF6E-B714-43FA-B41F-4C9C1161C9AC}.Release|Win32.Build.0 = Release|Win32
		{5567FF6E-B714-43FA-B41F-4C9C1161C9AC}.Release|x64.ActiveCfg = Release|x64
		{5567FF6E-B714-43FA-B41F-4C9C1161C9AC}.Release|x64.Build.0 = Release|x64
		{7ECE7629-AFB9-424A-9810-20C5F0DB3ACC}.Debug|Win32.ActiveCfg = Debug|Win32
		{7ECE7629-AFB9-424A-9810-20C5F0DB3ACC}.Debug|Win32.Build.0 = Debug|Win32
		{7ECE7629-AFB9-424A-9810-20C5F0DB3ACC}.Debug|x64.ActiveCfg = Debug|x64
		{7ECE7629-AFB9-424A-9810-20C5F0DB3ACC}.Debug|x64.Build.0 = Debug|x64
		{7ECE7629-AFB9-424A-9810-20C5F0DB3ACC}.Release|Win32.ActiveCfg = Release|Win32
		{7ECE7629-AFB9-424A-9810-20C5F0DB3ACC}.Release|Win32.Build.0 = Release|Win32
		{7ECE7629-AFB9-424A-9810-20C5F0DB3ACC}.Release|x64.ActiveCfg = Release|x64
		{7ECE7629-AFB9-424A-9810-20C5F0DB3ACC}.Release|x64.Build.0 = Release|x64
		{214353D6-14B1-4715-B0BA-DEF1234E8AF3}.Debug|Win32.ActiveCfg = Debug|Win32
		{214353D6-14B1-4715-B0BA-DEF1234E8AF3}.Debug|Win32.Build.0 = Debug|Win32
		{214353D6-14B1-4715-B0BA-DEF1234E8AF3}.Debug|x64.ActiveCfg = Debug|x64
		{214353D6-14B1-4715-B0BA-DEF1234E8AF3}.Debug|x64.Build.0 = Debug|x64
		{214353D6-14B1-4715-B0BA-DEF1234E8AF3}.Release|Win32.ActiveCfg = Release|Win32
		{214353D6-14B1-4715-B0BA-DEF1234E8AF3}.Release|Win32.Build.0 = Release|Win32
		{214353D6-14B1-4715-B0BA-DEF1234E8AF3}.Release|x64.ActiveCfg = Release|x64
		{214353D6-14B1-4715-B0BA-DEF1234E8AF3}.Release|x64.Build.0 = Release|x64
		{77ABCCD5-1314-4E6F-851B-1976DE0721B0}.Debug|Win32.ActiveCfg = Debug|Win32
		{77ABCCD5-1314-4E6F-851B-1976DE0721B0}.Debug|Win32.Build.0 = Debug|Win32
		{77ABCCD5-1314-4E6F-851B-1976DE0721B0}.Debug|x64.ActiveCfg = Debug|x64
		{77ABCCD5-1314-4E6F-851B-1976DE0721B0}.Debug|x64.Build.0 = Debug|x64
		{77ABCCD5-1314-4E6F-851B-1976DE0721B0}.Release|Win32.ActiveCfg = Release|Win32
		{77ABCCD5-1314-4E6F-851B-1976DE0721B0}.Release|Win32.Build.0 = Release|Win32
		{77ABCCD5-1314-4E6F-851B-1976DE0721B0}.Release|x64.ActiveCfg = Release|x64
		{77ABCCD5-1314-4E6F-851B-1976DE0721B0}.Release|x64.Build.0 = Release|x64
		{1B6D65D9-206E-4590-B2F3-695B948FBA6C}.Debug|Win32.ActiveCfg = Debug|Win32
		{1B6D65D9-206E-4590-B2F3-695B948FBA6C}.Debug|Win32.Build.0 = Debug|Win32
		{1B6D65D9-206E-4590-B2F3-695B948FBA6C}.Debug|x64.ActiveCfg = Debug|x64
		{1B6D65D9-206E-4590-B2F3-695B948FBA6C}.Debug|x64.Build.0 = Debug|x64
		{1B6D65D9-206E-4590-B2F3-695B948FBA6C}.Release|Win32.ActiveCfg = Release|Win32
		{1B6D65D9-206E-4590-B2F3-695B948FBA6C}.Release|Win32.Build.0 = Release|Win32
		{1B6D65D9-206E-4590-B2F3-695B948FBA6C}.Release|x64.ActiveCfg = Release|x64
		{1B6D65D9-206E-4590-B2F3-695B948FBA6C}.Release|x64.Build.0 = Release|x64
		{CBB8A90C-7D1C-43EA-B44C-1778195C2101}.Debug|Win32.ActiveCfg = Debug|Win32
		{CBB8A90C-7D1C-43EA-B44C-1778195C2101}.Debug|Win32.Build.0 = Debug|Win32
		{CBB8A90C-7D1C-43EA-B44C-1778195C2101}.Debug|x64.ActiveCfg = Debug|x64
		{CBB8A90C-7D1C-43EA-B44C-1778195C2101}.Debug|x64.Build.0 = Debug|x64
		{CBB8A90C-7D1C-43EA-B44C-1778195C2101}.Release|Win32.ActiveCfg = Release|Win32
		{CBB8A90C-7D1C-43EA-B44C-1778195C2101}.Release|Win32.Build.0 = Release|Win32
		{CBB8A90C-7D1C-43EA-B44C-1778195C2101}.Release|x64.ActiveCfg = Release|x64
		{CBB8A90C-7D1C-43EA-B44C-1778195C2101}.Release|x64.Build.0 = Release|x64
	EndGlobalSection
	GlobalSection(SolutionProperties) = preSolution
		HideSolutionNode = FALSE
	EndGlobalSection
EndGlobal
